
Microsoft Visual Studio Solution File, Format Version 12.00
# Visual Studio Version 16
VisualStudioVersion = 16.0.31005.135
MinimumVisualStudioVersion = 10.0.40219.1
Project("{D954291E-2A0B-460D-934E-DC6B0785DB48}") = "NetCore", "NetCore\NetCore.shproj", "{07A2EB45-C24C-4928-BE37-9F283D29CDA5}"
EndProject
Project("{9A19103F-16F7-4668-BE54-9A1E7A4F7556}") = "Name", "Name\Name.csproj", "{25C8C69A-34AE-4911-AD14-CBEB3F2C650E}"
EndProject
Project("{2150E333-8FDC-42A3-9474-1A3956D46DE8}") = "Ch2", "Ch2", "{4F52B158-C29F-4BC7-95C6-8B2E4A0643C7}"
EndProject
Project("{9A19103F-16F7-4668-BE54-9A1E7A4F7556}") = "Variable", "Variable\Variable.csproj", "{54D583D9-DE5A-4EBA-A5AD-76DC993BBE09}"
EndProject
Project("{9A19103F-16F7-4668-BE54-9A1E7A4F7556}") = "DataTypes", "DataTypes\DataTypes.csproj", "{4C23088E-3062-43EC-BEC3-95F95DC3FD1E}"
EndProject
Project("{9A19103F-16F7-4668-BE54-9A1E7A4F7556}") = "ConsoleInputDataConvert", "ConsoleInputDataConvert\ConsoleInputDataConvert.csproj", "{D55FCBFE-04E1-4A6A-8F17-9199C672EEC4}"
EndProject
Project("{9A19103F-16F7-4668-BE54-9A1E7A4F7556}") = "ConditionalConstructions", "ConditionalConstructions\ConditionalConstructions.csproj", "{EEBDAE37-E5F1-427F-9F89-AC765A6DB1B1}"
EndProject
Project("{9A19103F-16F7-4668-BE54-9A1E7A4F7556}") = "ConditionalConstructionsTest", "ConditionalConstructionsTest\ConditionalConstructionsTest.csproj", "{858334E9-7FC9-40CE-AA30-C3ED0EF78774}"
EndProject
Project("{9A19103F-16F7-4668-BE54-9A1E7A4F7556}") = "Cycle", "Cycle\Cycle.csproj", "{C9CD3E91-8809-4704-82ED-5C7D85106D89}"
EndProject
Project("{9A19103F-16F7-4668-BE54-9A1E7A4F7556}") = "CycleTest", "CycleTest\CycleTest.csproj", "{32F73B39-D4B1-46F6-82F3-979D65A027CA}"
EndProject
Project("{FAE04EC0-301F-11D3-BF4B-00C04F79EFBC}") = "Mass", "Mass\Mass.csproj", "{60C8C1CA-120A-453E-BBCD-8EB51EB71A71}"
EndProject
Global
	GlobalSection(SharedMSBuildProjectFiles) = preSolution
		NetCore\NetCore.projitems*{07a2eb45-c24c-4928-be37-9f283d29cda5}*SharedItemsImports = 13
	EndGlobalSection
	GlobalSection(SolutionConfigurationPlatforms) = preSolution
		Debug|Any CPU = Debug|Any CPU
		Release|Any CPU = Release|Any CPU
	EndGlobalSection
	GlobalSection(ProjectConfigurationPlatforms) = postSolution
		{25C8C69A-34AE-4911-AD14-CBEB3F2C650E}.Debug|Any CPU.ActiveCfg = Debug|Any CPU
		{25C8C69A-34AE-4911-AD14-CBEB3F2C650E}.Debug|Any CPU.Build.0 = Debug|Any CPU
		{25C8C69A-34AE-4911-AD14-CBEB3F2C650E}.Release|Any CPU.ActiveCfg = Release|Any CPU
		{25C8C69A-34AE-4911-AD14-CBEB3F2C650E}.Release|Any CPU.Build.0 = Release|Any CPU
		{54D583D9-DE5A-4EBA-A5AD-76DC993BBE09}.Debug|Any CPU.ActiveCfg = Debug|Any CPU
		{54D583D9-DE5A-4EBA-A5AD-76DC993BBE09}.Debug|Any CPU.Build.0 = Debug|Any CPU
		{54D583D9-DE5A-4EBA-A5AD-76DC993BBE09}.Release|Any CPU.ActiveCfg = Release|Any CPU
		{54D583D9-DE5A-4EBA-A5AD-76DC993BBE09}.Release|Any CPU.Build.0 = Release|Any CPU
		{4C23088E-3062-43EC-BEC3-95F95DC3FD1E}.Debug|Any CPU.ActiveCfg = Debug|Any CPU
		{4C23088E-3062-43EC-BEC3-95F95DC3FD1E}.Debug|Any CPU.Build.0 = Debug|Any CPU
		{4C23088E-3062-43EC-BEC3-95F95DC3FD1E}.Release|Any CPU.ActiveCfg = Release|Any CPU
		{4C23088E-3062-43EC-BEC3-95F95DC3FD1E}.Release|Any CPU.Build.0 = Release|Any CPU
		{D55FCBFE-04E1-4A6A-8F17-9199C672EEC4}.Debug|Any CPU.ActiveCfg = Debug|Any CPU
		{D55FCBFE-04E1-4A6A-8F17-9199C672EEC4}.Debug|Any CPU.Build.0 = Debug|Any CPU
		{D55FCBFE-04E1-4A6A-8F17-9199C672EEC4}.Release|Any CPU.ActiveCfg = Release|Any CPU
		{D55FCBFE-04E1-4A6A-8F17-9199C672EEC4}.Release|Any CPU.Build.0 = Release|Any CPU
		{EEBDAE37-E5F1-427F-9F89-AC765A6DB1B1}.Debug|Any CPU.ActiveCfg = Debug|Any CPU
		{EEBDAE37-E5F1-427F-9F89-AC765A6DB1B1}.Debug|Any CPU.Build.0 = Debug|Any CPU
		{EEBDAE37-E5F1-427F-9F89-AC765A6DB1B1}.Release|Any CPU.ActiveCfg = Release|Any CPU
		{EEBDAE37-E5F1-427F-9F89-AC765A6DB1B1}.Release|Any CPU.Build.0 = Release|Any CPU
		{858334E9-7FC9-40CE-AA30-C3ED0EF78774}.Debug|Any CPU.ActiveCfg = Debug|Any CPU
		{858334E9-7FC9-40CE-AA30-C3ED0EF78774}.Debug|Any CPU.Build.0 = Debug|Any CPU
		{858334E9-7FC9-40CE-AA30-C3ED0EF78774}.Release|Any CPU.ActiveCfg = Release|Any CPU
		{858334E9-7FC9-40CE-AA30-C3ED0EF78774}.Release|Any CPU.Build.0 = Release|Any CPU
		{C9CD3E91-8809-4704-82ED-5C7D85106D89}.Debug|Any CPU.ActiveCfg = Debug|Any CPU
		{C9CD3E91-8809-4704-82ED-5C7D85106D89}.Debug|Any CPU.Build.0 = Debug|Any CPU
		{C9CD3E91-8809-4704-82ED-5C7D85106D89}.Release|Any CPU.ActiveCfg = Release|Any CPU
		{C9CD3E91-8809-4704-82ED-5C7D85106D89}.Release|Any CPU.Build.0 = Release|Any CPU
		{32F73B39-D4B1-46F6-82F3-979D65A027CA}.Debug|Any CPU.ActiveCfg = Debug|Any CPU
		{32F73B39-D4B1-46F6-82F3-979D65A027CA}.Debug|Any CPU.Build.0 = Debug|Any CPU
		{32F73B39-D4B1-46F6-82F3-979D65A027CA}.Release|Any CPU.ActiveCfg = Release|Any CPU
		{32F73B39-D4B1-46F6-82F3-979D65A027CA}.Release|Any CPU.Build.0 = Release|Any CPU
		{60C8C1CA-120A-453E-BBCD-8EB51EB71A71}.Debug|Any CPU.ActiveCfg = Debug|Any CPU
		{60C8C1CA-120A-453E-BBCD-8EB51EB71A71}.Debug|Any CPU.Build.0 = Debug|Any CPU
		{60C8C1CA-120A-453E-BBCD-8EB51EB71A71}.Release|Any CPU.ActiveCfg = Release|Any CPU
		{60C8C1CA-120A-453E-BBCD-8EB51EB71A71}.Release|Any CPU.Build.0 = Release|Any CPU
	EndGlobalSection
	GlobalSection(SolutionProperties) = preSolution
		HideSolutionNode = FALSE
	EndGlobalSection
	GlobalSection(NestedProjects) = preSolution
		{25C8C69A-34AE-4911-AD14-CBEB3F2C650E} = {4F52B158-C29F-4BC7-95C6-8B2E4A0643C7}
		{54D583D9-DE5A-4EBA-A5AD-76DC993BBE09} = {4F52B158-C29F-4BC7-95C6-8B2E4A0643C7}
		{4C23088E-3062-43EC-BEC3-95F95DC3FD1E} = {4F52B158-C29F-4BC7-95C6-8B2E4A0643C7}
		{D55FCBFE-04E1-4A6A-8F17-9199C672EEC4} = {4F52B158-C29F-4BC7-95C6-8B2E4A0643C7}
		{EEBDAE37-E5F1-427F-9F89-AC765A6DB1B1} = {4F52B158-C29F-4BC7-95C6-8B2E4A0643C7}
		{858334E9-7FC9-40CE-AA30-C3ED0EF78774} = {4F52B158-C29F-4BC7-95C6-8B2E4A0643C7}
		{C9CD3E91-8809-4704-82ED-5C7D85106D89} = {4F52B158-C29F-4BC7-95C6-8B2E4A0643C7}
		{32F73B39-D4B1-46F6-82F3-979D65A027CA} = {4F52B158-C29F-4BC7-95C6-8B2E4A0643C7}
		{60C8C1CA-120A-453E-BBCD-8EB51EB71A71} = {4F52B158-C29F-4BC7-95C6-8B2E4A0643C7}
	EndGlobalSection
	GlobalSection(ExtensibilityGlobals) = postSolution
		SolutionGuid = {C4F96060-8C46-4C18-A977-806A467E98EF}
	EndGlobalSection
EndGlobal
